
Microsoft Visual Studio Solution File, Format Version 12.00
# Visual Studio 15
VisualStudioVersion = 15.0.27004.2002
MinimumVisualStudioVersion = 10.0.40219.1
Project("{FAE04EC0-301F-11D3-BF4B-00C04F79EFBC}") = "rock,paper,scisors", "rock,paper,scisors\rock,paper,scisors.csproj", "{37638FF7-7425-406C-8758-99A0EB838134}"
EndProject
Global
	GlobalSection(SolutionConfigurationPlatforms) = preSolution
		Debug|Any CPU = Debug|Any CPU
		Release|Any CPU = Release|Any CPU
	EndGlobalSection
	GlobalSection(ProjectConfigurationPlatforms) = postSolution
		{37638FF7-7425-406C-8758-99A0EB838134}.Debug|Any CPU.ActiveCfg = Debug|Any CPU
		{37638FF7-7425-406C-8758-99A0EB838134}.Debug|Any CPU.Build.0 = Debug|Any CPU
		{37638FF7-7425-406C-8758-99A0EB838134}.Release|Any CPU.ActiveCfg = Release|Any CPU
		{37638FF7-7425-406C-8758-99A0EB838134}.Release|Any CPU.Build.0 = Release|Any CPU
	EndGlobalSection
	GlobalSection(SolutionProperties) = preSolution
		HideSolutionNode = FALSE
	EndGlobalSection
	GlobalSection(ExtensibilityGlobals) = postSolution
		SolutionGuid = {51CED4FC-41BA-4679-8CBE-77551E8F6508}
	EndGlobalSection
EndGlobal
